// !$*UTF8*$!
{
	archiveVersion = 1;
	classes = {
	};
	objectVersion = 46;
	objects = {

/* Begin PBXBuildFile section */
		11CC0E0A1F1DFA1B00A31A67 /* main.m in Sources */ = {isa = PBXBuildFile; fileRef = 11CC0E091F1DFA1B00A31A67 /* main.m */; };
		11CC0E0D1F1DFA1B00A31A67 /* AppDelegate.m in Sources */ = {isa = PBXBuildFile; fileRef = 11CC0E0C1F1DFA1B00A31A67 /* AppDelegate.m */; };
		11CC0E101F1DFA1B00A31A67 /* ViewController.m in Sources */ = {isa = PBXBuildFile; fileRef = 11CC0E0F1F1DFA1B00A31A67 /* ViewController.m */; };
		11CC0E131F1DFA1B00A31A67 /* Main.storyboard in Resources */ = {isa = PBXBuildFile; fileRef = 11CC0E111F1DFA1B00A31A67 /* Main.storyboard */; };
		11CC0E151F1DFA1B00A31A67 /* Assets.xcassets in Resources */ = {isa = PBXBuildFile; fileRef = 11CC0E141F1DFA1B00A31A67 /* Assets.xcassets */; };
		11CC0E181F1DFA1B00A31A67 /* LaunchScreen.storyboard in Resources */ = {isa = PBXBuildFile; fileRef = 11CC0E161F1DFA1B00A31A67 /* LaunchScreen.storyboard */; };
		11CC0E231F1DFA1B00A31A67 /* YBKeyValueDemoTests.m in Sources */ = {isa = PBXBuildFile; fileRef = 11CC0E221F1DFA1B00A31A67 /* YBKeyValueDemoTests.m */; };
		11CC0E2E1F1DFA1B00A31A67 /* YBKeyValueDemoUITests.m in Sources */ = {isa = PBXBuildFile; fileRef = 11CC0E2D1F1DFA1B00A31A67 /* YBKeyValueDemoUITests.m */; };
		11CC0E471F1DFAB800A31A67 /* FMDatabase.m in Sources */ = {isa = PBXBuildFile; fileRef = 11CC0E3D1F1DFAB800A31A67 /* FMDatabase.m */; };
		11CC0E481F1DFAB800A31A67 /* FMDatabaseAdditions.m in Sources */ = {isa = PBXBuildFile; fileRef = 11CC0E3F1F1DFAB800A31A67 /* FMDatabaseAdditions.m */; };
		11CC0E491F1DFAB800A31A67 /* FMDatabasePool.m in Sources */ = {isa = PBXBuildFile; fileRef = 11CC0E411F1DFAB800A31A67 /* FMDatabasePool.m */; };
		11CC0E4A1F1DFAB800A31A67 /* FMDatabaseQueue.m in Sources */ = {isa = PBXBuildFile; fileRef = 11CC0E431F1DFAB800A31A67 /* FMDatabaseQueue.m */; };
		11CC0E4B1F1DFAB800A31A67 /* FMResultSet.m in Sources */ = {isa = PBXBuildFile; fileRef = 11CC0E461F1DFAB800A31A67 /* FMResultSet.m */; };
		11CC0E511F1DFB4E00A31A67 /* YBKeyValueStorage.m in Sources */ = {isa = PBXBuildFile; fileRef = 11CC0E501F1DFB4E00A31A67 /* YBKeyValueStorage.m */; };
		11CC0E541F1DFB6700A31A67 /* libsqlite3.tbd in Frameworks */ = {isa = PBXBuildFile; fileRef = 11CC0E531F1DFB6700A31A67 /* libsqlite3.tbd */; };
/* End PBXBuildFile section */

/* Begin PBXContainerItemProxy section */
		11CC0E1F1F1DFA1B00A31A67 /* PBXContainerItemProxy */ = {
			isa = PBXContainerItemProxy;
			containerPortal = 11CC0DFD1F1DFA1B00A31A67 /* Project object */;
			proxyType = 1;
			remoteGlobalIDString = 11CC0E041F1DFA1B00A31A67;
			remoteInfo = YBKeyValueDemo;
		};
		11CC0E2A1F1DFA1B00A31A67 /* PBXContainerItemProxy */ = {
			isa = PBXContainerItemProxy;
			containerPortal = 11CC0DFD1F1DFA1B00A31A67 /* Project object */;
			proxyType = 1;
			remoteGlobalIDString = 11CC0E041F1DFA1B00A31A67;
			remoteInfo = YBKeyValueDemo;
		};
/* End PBXContainerItemProxy section */

/* Begin PBXFileReference section */
		11CC0E051F1DFA1B00A31A67 /* YBKeyValueDemo.app */ = {isa = PBXFileReference; explicitFileType = wrapper.application; includeInIndex = 0; path = YBKeyValueDemo.app; sourceTree = BUILT_PRODUCTS_DIR; };
		11CC0E091F1DFA1B00A31A67 /* main.m */ = {isa = PBXFileReference; lastKnownFileType = sourcecode.c.objc; path = main.m; sourceTree = "<group>"; };
		11CC0E0B1F1DFA1B00A31A67 /* AppDelegate.h */ = {isa = PBXFileReference; lastKnownFileType = sourcecode.c.h; path = AppDelegate.h; sourceTree = "<group>"; };
		11CC0E0C1F1DFA1B00A31A67 /* AppDelegate.m */ = {isa = PBXFileReference; lastKnownFileType = sourcecode.c.objc; path = AppDelegate.m; sourceTree = "<group>"; };
		11CC0E0E1F1DFA1B00A31A67 /* ViewController.h */ = {isa = PBXFileReference; lastKnownFileType = sourcecode.c.h; path = ViewController.h; sourceTree = "<group>"; };
		11CC0E0F1F1DFA1B00A31A67 /* ViewController.m */ = {isa = PBXFileReference; lastKnownFileType = sourcecode.c.objc; path = ViewController.m; sourceTree = "<group>"; };
		11CC0E121F1DFA1B00A31A67 /* Base */ = {isa = PBXFileReference; lastKnownFileType = file.storyboard; name = Base; path = Base.lproj/Main.storyboard; sourceTree = "<group>"; };
		11CC0E141F1DFA1B00A31A67 /* Assets.xcassets */ = {isa = PBXFileReference; lastKnownFileType = folder.assetcatalog; path = Assets.xcassets; sourceTree = "<group>"; };
		11CC0E171F1DFA1B00A31A67 /* Base */ = {isa = PBXFileReference; lastKnownFileType = file.storyboard; name = Base; path = Base.lproj/LaunchScreen.storyboard; sourceTree = "<group>"; };
		11CC0E191F1DFA1B00A31A67 /* Info.plist */ = {isa = PBXFileReference; lastKnownFileType = text.plist.xml; path = Info.plist; sourceTree = "<group>"; };
		11CC0E1E1F1DFA1B00A31A67 /* YBKeyValueDemoTests.xctest */ = {isa = PBXFileReference; explicitFileType = wrapper.cfbundle; includeInIndex = 0; path = YBKeyValueDemoTests.xctest; sourceTree = BUILT_PRODUCTS_DIR; };
		11CC0E221F1DFA1B00A31A67 /* YBKeyValueDemoTests.m */ = {isa = PBXFileReference; lastKnownFileType = sourcecode.c.objc; path = YBKeyValueDemoTests.m; sourceTree = "<group>"; };
		11CC0E241F1DFA1B00A31A67 /* Info.plist */ = {isa = PBXFileReference; lastKnownFileType = text.plist.xml; path = Info.plist; sourceTree = "<group>"; };
		11CC0E291F1DFA1B00A31A67 /* YBKeyValueDemoUITests.xctest */ = {isa = PBXFileReference; explicitFileType = wrapper.cfbundle; includeInIndex = 0; path = YBKeyValueDemoUITests.xctest; sourceTree = BUILT_PRODUCTS_DIR; };
		11CC0E2D1F1DFA1B00A31A67 /* YBKeyValueDemoUITests.m */ = {isa = PBXFileReference; lastKnownFileType = sourcecode.c.objc; path = YBKeyValueDemoUITests.m; sourceTree = "<group>"; };
		11CC0E2F1F1DFA1B00A31A67 /* Info.plist */ = {isa = PBXFileReference; lastKnownFileType = text.plist.xml; path = Info.plist; sourceTree = "<group>"; };
		11CC0E3C1F1DFAB800A31A67 /* FMDatabase.h */ = {isa = PBXFileReference; fileEncoding = 4; lastKnownFileType = sourcecode.c.h; path = FMDatabase.h; sourceTree = "<group>"; };
		11CC0E3D1F1DFAB800A31A67 /* FMDatabase.m */ = {isa = PBXFileReference; fileEncoding = 4; lastKnownFileType = sourcecode.c.objc; path = FMDatabase.m; sourceTree = "<group>"; };
		11CC0E3E1F1DFAB800A31A67 /* FMDatabaseAdditions.h */ = {isa = PBXFileReference; fileEncoding = 4; lastKnownFileType = sourcecode.c.h; path = FMDatabaseAdditions.h; sourceTree = "<group>"; };
		11CC0E3F1F1DFAB800A31A67 /* FMDatabaseAdditions.m */ = {isa = PBXFileReference; fileEncoding = 4; lastKnownFileType = sourcecode.c.objc; path = FMDatabaseAdditions.m; sourceTree = "<group>"; };
		11CC0E401F1DFAB800A31A67 /* FMDatabasePool.h */ = {isa = PBXFileReference; fileEncoding = 4; lastKnownFileType = sourcecode.c.h; path = FMDatabasePool.h; sourceTree = "<group>"; };
		11CC0E411F1DFAB800A31A67 /* FMDatabasePool.m */ = {isa = PBXFileReference; fileEncoding = 4; lastKnownFileType = sourcecode.c.objc; path = FMDatabasePool.m; sourceTree = "<group>"; };
		11CC0E421F1DFAB800A31A67 /* FMDatabaseQueue.h */ = {isa = PBXFileReference; fileEncoding = 4; lastKnownFileType = sourcecode.c.h; path = FMDatabaseQueue.h; sourceTree = "<group>"; };
		11CC0E431F1DFAB800A31A67 /* FMDatabaseQueue.m */ = {isa = PBXFileReference; fileEncoding = 4; lastKnownFileType = sourcecode.c.objc; path = FMDatabaseQueue.m; sourceTree = "<group>"; };
		11CC0E441F1DFAB800A31A67 /* FMDB.h */ = {isa = PBXFileReference; fileEncoding = 4; lastKnownFileType = sourcecode.c.h; path = FMDB.h; sourceTree = "<group>"; };
		11CC0E451F1DFAB800A31A67 /* FMResultSet.h */ = {isa = PBXFileReference; fileEncoding = 4; lastKnownFileType = sourcecode.c.h; path = FMResultSet.h; sourceTree = "<group>"; };
		11CC0E461F1DFAB800A31A67 /* FMResultSet.m */ = {isa = PBXFileReference; fileEncoding = 4; lastKnownFileType = sourcecode.c.objc; path = FMResultSet.m; sourceTree = "<group>"; };
		11CC0E4F1F1DFB4E00A31A67 /* YBKeyValueStorage.h */ = {isa = PBXFileReference; fileEncoding = 4; lastKnownFileType = sourcecode.c.h; path = YBKeyValueStorage.h; sourceTree = "<group>"; };
		11CC0E501F1DFB4E00A31A67 /* YBKeyValueStorage.m */ = {isa = PBXFileReference; fileEncoding = 4; lastKnownFileType = sourcecode.c.objc; path = YBKeyValueStorage.m; sourceTree = "<group>"; };
		11CC0E531F1DFB6700A31A67 /* libsqlite3.tbd */ = {isa = PBXFileReference; lastKnownFileType = "sourcecode.text-based-dylib-definition"; name = libsqlite3.tbd; path = usr/lib/libsqlite3.tbd; sourceTree = SDKROOT; };
/* End PBXFileReference section */

/* Begin PBXFrameworksBuildPhase section */
		11CC0E021F1DFA1B00A31A67 /* Frameworks */ = {
			isa = PBXFrameworksBuildPhase;
			buildActionMask = 2147483647;
			files = (
				11CC0E541F1DFB6700A31A67 /* libsqlite3.tbd in Frameworks */,
			);
			runOnlyForDeploymentPostprocessing = 0;
		};
		11CC0E1B1F1DFA1B00A31A67 /* Frameworks */ = {
			isa = PBXFrameworksBuildPhase;
			buildActionMask = 2147483647;
			files = (
			);
			runOnlyForDeploymentPostprocessing = 0;
		};
		11CC0E261F1DFA1B00A31A67 /* Frameworks */ = {
			isa = PBXFrameworksBuildPhase;
			buildActionMask = 2147483647;
			files = (
			);
			runOnlyForDeploymentPostprocessing = 0;
		};
/* End PBXFrameworksBuildPhase section */

/* Begin PBXGroup section */
		11CC0DFC1F1DFA1B00A31A67 = {
			isa = PBXGroup;
			children = (
				11CC0E071F1DFA1B00A31A67 /* YBKeyValueDemo */,
				11CC0E211F1DFA1B00A31A67 /* YBKeyValueDemoTests */,
				11CC0E2C1F1DFA1B00A31A67 /* YBKeyValueDemoUITests */,
				11CC0E061F1DFA1B00A31A67 /* Products */,
				11CC0E521F1DFB6700A31A67 /* Frameworks */,
			);
			sourceTree = "<group>";
		};
		11CC0E061F1DFA1B00A31A67 /* Products */ = {
			isa = PBXGroup;
			children = (
				11CC0E051F1DFA1B00A31A67 /* YBKeyValueDemo.app */,
				11CC0E1E1F1DFA1B00A31A67 /* YBKeyValueDemoTests.xctest */,
				11CC0E291F1DFA1B00A31A67 /* YBKeyValueDemoUITests.xctest */,
			);
			name = Products;
			sourceTree = "<group>";
		};
		11CC0E071F1DFA1B00A31A67 /* YBKeyValueDemo */ = {
			isa = PBXGroup;
			children = (
				11CC0E3B1F1DFAB800A31A67 /* fmdb */,
				11CC0E0B1F1DFA1B00A31A67 /* AppDelegate.h */,
				11CC0E0C1F1DFA1B00A31A67 /* AppDelegate.m */,
				11CC0E0E1F1DFA1B00A31A67 /* ViewController.h */,
				11CC0E0F1F1DFA1B00A31A67 /* ViewController.m */,
				11CC0E4F1F1DFB4E00A31A67 /* YBKeyValueStorage.h */,
				11CC0E501F1DFB4E00A31A67 /* YBKeyValueStorage.m */,
				11CC0E111F1DFA1B00A31A67 /* Main.storyboard */,
				11CC0E141F1DFA1B00A31A67 /* Assets.xcassets */,
				11CC0E161F1DFA1B00A31A67 /* LaunchScreen.storyboard */,
				11CC0E191F1DFA1B00A31A67 /* Info.plist */,
				11CC0E081F1DFA1B00A31A67 /* Supporting Files */,
			);
			path = YBKeyValueDemo;
			sourceTree = "<group>";
		};
		11CC0E081F1DFA1B00A31A67 /* Supporting Files */ = {
			isa = PBXGroup;
			children = (
				11CC0E091F1DFA1B00A31A67 /* main.m */,
			);
			name = "Supporting Files";
			sourceTree = "<group>";
		};
		11CC0E211F1DFA1B00A31A67 /* YBKeyValueDemoTests */ = {
			isa = PBXGroup;
			children = (
				11CC0E221F1DFA1B00A31A67 /* YBKeyValueDemoTests.m */,
				11CC0E241F1DFA1B00A31A67 /* Info.plist */,
			);
			path = YBKeyValueDemoTests;
			sourceTree = "<group>";
		};
		11CC0E2C1F1DFA1B00A31A67 /* YBKeyValueDemoUITests */ = {
			isa = PBXGroup;
			children = (
				11CC0E2D1F1DFA1B00A31A67 /* YBKeyValueDemoUITests.m */,
				11CC0E2F1F1DFA1B00A31A67 /* Info.plist */,
			);
			path = YBKeyValueDemoUITests;
			sourceTree = "<group>";
		};
		11CC0E3B1F1DFAB800A31A67 /* fmdb */ = {
			isa = PBXGroup;
			children = (
				11CC0E3C1F1DFAB800A31A67 /* FMDatabase.h */,
				11CC0E3D1F1DFAB800A31A67 /* FMDatabase.m */,
				11CC0E3E1F1DFAB800A31A67 /* FMDatabaseAdditions.h */,
				11CC0E3F1F1DFAB800A31A67 /* FMDatabaseAdditions.m */,
				11CC0E401F1DFAB800A31A67 /* FMDatabasePool.h */,
				11CC0E411F1DFAB800A31A67 /* FMDatabasePool.m */,
				11CC0E421F1DFAB800A31A67 /* FMDatabaseQueue.h */,
				11CC0E431F1DFAB800A31A67 /* FMDatabaseQueue.m */,
				11CC0E441F1DFAB800A31A67 /* FMDB.h */,
				11CC0E451F1DFAB800A31A67 /* FMResultSet.h */,
				11CC0E461F1DFAB800A31A67 /* FMResultSet.m */,
			);
			name = fmdb;
			path = ../fmdb;
			sourceTree = "<group>";
		};
		11CC0E521F1DFB6700A31A67 /* Frameworks */ = {
			isa = PBXGroup;
			children = (
				11CC0E531F1DFB6700A31A67 /* libsqlite3.tbd */,
			);
			name = Frameworks;
			sourceTree = "<group>";
		};
/* End PBXGroup section */

/* Begin PBXNativeTarget section */
		11CC0E041F1DFA1B00A31A67 /* YBKeyValueDemo */ = {
			isa = PBXNativeTarget;
			buildConfigurationList = 11CC0E321F1DFA1B00A31A67 /* Build configuration list for PBXNativeTarget "YBKeyValueDemo" */;
			buildPhases = (
				11CC0E011F1DFA1B00A31A67 /* Sources */,
				11CC0E021F1DFA1B00A31A67 /* Frameworks */,
				11CC0E031F1DFA1B00A31A67 /* Resources */,
			);
			buildRules = (
			);
			dependencies = (
			);
			name = YBKeyValueDemo;
			productName = YBKeyValueDemo;
			productReference = 11CC0E051F1DFA1B00A31A67 /* YBKeyValueDemo.app */;
			productType = "com.apple.product-type.application";
		};
		11CC0E1D1F1DFA1B00A31A67 /* YBKeyValueDemoTests */ = {
			isa = PBXNativeTarget;
			buildConfigurationList = 11CC0E351F1DFA1B00A31A67 /* Build configuration list for PBXNativeTarget "YBKeyValueDemoTests" */;
			buildPhases = (
				11CC0E1A1F1DFA1B00A31A67 /* Sources */,
				11CC0E1B1F1DFA1B00A31A67 /* Frameworks */,
				11CC0E1C1F1DFA1B00A31A67 /* Resources */,
			);
			buildRules = (
			);
			dependencies = (
				11CC0E201F1DFA1B00A31A67 /* PBXTargetDependency */,
			);
			name = YBKeyValueDemoTests;
			productName = YBKeyValueDemoTests;
			productReference = 11CC0E1E1F1DFA1B00A31A67 /* YBKeyValueDemoTests.xctest */;
			productType = "com.apple.product-type.bundle.unit-test";
		};
		11CC0E281F1DFA1B00A31A67 /* YBKeyValueDemoUITests */ = {
			isa = PBXNativeTarget;
			buildConfigurationList = 11CC0E381F1DFA1B00A31A67 /* Build configuration list for PBXNativeTarget "YBKeyValueDemoUITests" */;
			buildPhases = (
				11CC0E251F1DFA1B00A31A67 /* Sources */,
				11CC0E261F1DFA1B00A31A67 /* Frameworks */,
				11CC0E271F1DFA1B00A31A67 /* Resources */,
			);
			buildRules = (
			);
			dependencies = (
				11CC0E2B1F1DFA1B00A31A67 /* PBXTargetDependency */,
			);
			name = YBKeyValueDemoUITests;
			productName = YBKeyValueDemoUITests;
			productReference = 11CC0E291F1DFA1B00A31A67 /* YBKeyValueDemoUITests.xctest */;
			productType = "com.apple.product-type.bundle.ui-testing";
		};
/* End PBXNativeTarget section */

/* Begin PBXProject section */
		11CC0DFD1F1DFA1B00A31A67 /* Project object */ = {
			isa = PBXProject;
			attributes = {
				LastUpgradeCheck = 0830;
				ORGANIZATIONNAME = "中天易观";
				TargetAttributes = {
					11CC0E041F1DFA1B00A31A67 = {
						CreatedOnToolsVersion = 8.3.3;
						DevelopmentTeam = 6VBE2N88LJ;
						ProvisioningStyle = Automatic;
					};
					11CC0E1D1F1DFA1B00A31A67 = {
						CreatedOnToolsVersion = 8.3.3;
						DevelopmentTeam = 6VBE2N88LJ;
						ProvisioningStyle = Automatic;
						TestTargetID = 11CC0E041F1DFA1B00A31A67;
					};
					11CC0E281F1DFA1B00A31A67 = {
						CreatedOnToolsVersion = 8.3.3;
						DevelopmentTeam = 6VBE2N88LJ;
						ProvisioningStyle = Automatic;
						TestTargetID = 11CC0E041F1DFA1B00A31A67;
					};
				};
			};
			buildConfigurationList = 11CC0E001F1DFA1B00A31A67 /* Build configuration list for PBXProject "YBKeyValueDemo" */;
			compatibilityVersion = "Xcode 3.2";
			developmentRegion = English;
			hasScannedForEncodings = 0;
			knownRegions = (
				en,
				Base,
			);
			mainGroup = 11CC0DFC1F1DFA1B00A31A67;
			productRefGroup = 11CC0E061F1DFA1B00A31A67 /* Products */;
			projectDirPath = "";
			projectRoot = "";
			targets = (
				11CC0E041F1DFA1B00A31A67 /* YBKeyValueDemo */,
				11CC0E1D1F1DFA1B00A31A67 /* YBKeyValueDemoTests */,
				11CC0E281F1DFA1B00A31A67 /* YBKeyValueDemoUITests */,
			);
		};
/* End PBXProject section */

/* Begin PBXResourcesBuildPhase section */
		11CC0E031F1DFA1B00A31A67 /* Resources */ = {
			isa = PBXResourcesBuildPhase;
			buildActionMask = 2147483647;
			files = (
				11CC0E181F1DFA1B00A31A67 /* LaunchScreen.storyboard in Resources */,
				11CC0E151F1DFA1B00A31A67 /* Assets.xcassets in Resources */,
				11CC0E131F1DFA1B00A31A67 /* Main.storyboard in Resources */,
			);
			runOnlyForDeploymentPostprocessing = 0;
		};
		11CC0E1C1F1DFA1B00A31A67 /* Resources */ = {
			isa = PBXResourcesBuildPhase;
			buildActionMask = 2147483647;
			files = (
			);
			runOnlyForDeploymentPostprocessing = 0;
		};
		11CC0E271F1DFA1B00A31A67 /* Resources */ = {
			isa = PBXResourcesBuildPhase;
			buildActionMask = 2147483647;
			files = (
			);
			runOnlyForDeploymentPostprocessing = 0;
		};
/* End PBXResourcesBuildPhase section */

/* Begin PBXSourcesBuildPhase section */
		11CC0E011F1DFA1B00A31A67 /* Sources */ = {
			isa = PBXSourcesBuildPhase;
			buildActionMask = 2147483647;
			files = (
				11CC0E101F1DFA1B00A31A67 /* ViewController.m in Sources */,
				11CC0E491F1DFAB800A31A67 /* FMDatabasePool.m in Sources */,
				11CC0E0D1F1DFA1B00A31A67 /* AppDelegate.m in Sources */,
				11CC0E4A1F1DFAB800A31A67 /* FMDatabaseQueue.m in Sources */,
				11CC0E0A1F1DFA1B00A31A67 /* main.m in Sources */,
				11CC0E471F1DFAB800A31A67 /* FMDatabase.m in Sources */,
				11CC0E511F1DFB4E00A31A67 /* YBKeyValueStorage.m in Sources */,
				11CC0E4B1F1DFAB800A31A67 /* FMResultSet.m in Sources */,
				11CC0E481F1DFAB800A31A67 /* FMDatabaseAdditions.m in Sources */,
			);
			runOnlyForDeploymentPostprocessing = 0;
		};
		11CC0E1A1F1DFA1B00A31A67 /* Sources */ = {
			isa = PBXSourcesBuildPhase;
			buildActionMask = 2147483647;
			files = (
				11CC0E231F1DFA1B00A31A67 /* YBKeyValueDemoTests.m in Sources */,
			);
			runOnlyForDeploymentPostprocessing = 0;
		};
		11CC0E251F1DFA1B00A31A67 /* Sources */ = {
			isa = PBXSourcesBuildPhase;
			buildActionMask = 2147483647;
			files = (
				11CC0E2E1F1DFA1B00A31A67 /* YBKeyValueDemoUITests.m in Sources */,
			);
			runOnlyForDeploymentPostprocessing = 0;
		};
/* End PBXSourcesBuildPhase section */

/* Begin PBXTargetDependency section */
		11CC0E201F1DFA1B00A31A67 /* PBXTargetDependency */ = {
			isa = PBXTargetDependency;
			target = 11CC0E041F1DFA1B00A31A67 /* YBKeyValueDemo */;
			targetProxy = 11CC0E1F1F1DFA1B00A31A67 /* PBXContainerItemProxy */;
		};
		11CC0E2B1F1DFA1B00A31A67 /* PBXTargetDependency */ = {
			isa = PBXTargetDependency;
			target = 11CC0E041F1DFA1B00A31A67 /* YBKeyValueDemo */;
			targetProxy = 11CC0E2A1F1DFA1B00A31A67 /* PBXContainerItemProxy */;
		};
/* End PBXTargetDependency section */

/* Begin PBXVariantGroup section */
		11CC0E111F1DFA1B00A31A67 /* Main.storyboard */ = {
			isa = PBXVariantGroup;
			children = (
				11CC0E121F1DFA1B00A31A67 /* Base */,
			);
			name = Main.storyboard;
			sourceTree = "<group>";
		};
		11CC0E161F1DFA1B00A31A67 /* LaunchScreen.storyboard */ = {
			isa = PBXVariantGroup;
			children = (
				11CC0E171F1DFA1B00A31A67 /* Base */,
			);
			name = LaunchScreen.storyboard;
			sourceTree = "<group>";
		};
/* End PBXVariantGroup section */

/* Begin XCBuildConfiguration section */
		11CC0E301F1DFA1B00A31A67 /* Debug */ = {
			isa = XCBuildConfiguration;
			buildSettings = {
				ALWAYS_SEARCH_USER_PATHS = NO;
				CLANG_ANALYZER_NONNULL = YES;
				CLANG_ANALYZER_NUMBER_OBJECT_CONVERSION = YES_AGGRESSIVE;
				CLANG_CXX_LANGUAGE_STANDARD = "gnu++0x";
				CLANG_CXX_LIBRARY = "libc++";
				CLANG_ENABLE_MODULES = YES;
				CLANG_ENABLE_OBJC_ARC = YES;
				CLANG_WARN_BOOL_CONVERSION = YES;
				CLANG_WARN_CONSTANT_CONVERSION = YES;
				CLANG_WARN_DIRECT_OBJC_ISA_USAGE = YES_ERROR;
				CLANG_WARN_DOCUMENTATION_COMMENTS = YES;
				CLANG_WARN_EMPTY_BODY = YES;
				CLANG_WARN_ENUM_CONVERSION = YES;
				CLANG_WARN_INFINITE_RECURSION = YES;
				CLANG_WARN_INT_CONVERSION = YES;
				CLANG_WARN_OBJC_ROOT_CLASS = YES_ERROR;
				CLANG_WARN_SUSPICIOUS_MOVE = YES;
				CLANG_WARN_UNREACHABLE_CODE = YES;
				CLANG_WARN__DUPLICATE_METHOD_MATCH = YES;
				"CODE_SIGN_IDENTITY[sdk=iphoneos*]" = "iPhone Developer";
				COPY_PHASE_STRIP = NO;
				DEBUG_INFORMATION_FORMAT = dwarf;
				ENABLE_STRICT_OBJC_MSGSEND = YES;
				ENABLE_TESTABILITY = YES;
				GCC_C_LANGUAGE_STANDARD = gnu99;
				GCC_DYNAMIC_NO_PIC = NO;
				GCC_NO_COMMON_BLOCKS = YES;
				GCC_OPTIMIZATION_LEVEL = 0;
				GCC_PREPROCESSOR_DEFINITIONS = (
					"DEBUG=1",
					"$(inherited)",
				);
				GCC_WARN_64_TO_32_BIT_CONVERSION = YES;
				GCC_WARN_ABOUT_RETURN_TYPE = YES_ERROR;
				GCC_WARN_UNDECLARED_SELECTOR = YES;
				GCC_WARN_UNINITIALIZED_AUTOS = YES_AGGRESSIVE;
				GCC_WARN_UNUSED_FUNCTION = YES;
				GCC_WARN_UNUSED_VARIABLE = YES;
				IPHONEOS_DEPLOYMENT_TARGET = 10.3;
				MTL_ENABLE_DEBUG_INFO = YES;
				ONLY_ACTIVE_ARCH = YES;
				SDKROOT = iphoneos;
			};
			name = Debug;
		};
		11CC0E311F1DFA1B00A31A67 /* Release */ = {
			isa = XCBuildConfiguration;
			buildSettings = {
				ALWAYS_SEARCH_USER_PATHS = NO;
				CLANG_ANALYZER_NONNULL = YES;
				CLANG_ANALYZER_NUMBER_OBJECT_CONVERSION = YES_AGGRESSIVE;
				CLANG_CXX_LANGUAGE_STANDARD = "gnu++0x";
				CLANG_CXX_LIBRARY = "libc++";
				CLANG_ENABLE_MODULES = YES;
				CLANG_ENABLE_OBJC_ARC = YES;
				CLANG_WARN_BOOL_CONVERSION = YES;
				CLANG_WARN_CONSTANT_CONVERSION = YES;
				CLANG_WARN_DIRECT_OBJC_ISA_USAGE = YES_ERROR;
				CLANG_WARN_DOCUMENTATION_COMMENTS = YES;
				CLANG_WARN_EMPTY_BODY = YES;
				CLANG_WARN_ENUM_CONVERSION = YES;
				CLANG_WARN_INFINITE_RECURSION = YES;
				CLANG_WARN_INT_CONVERSION = YES;
				CLANG_WARN_OBJC_ROOT_CLASS = YES_ERROR;
				CLANG_WARN_SUSPICIOUS_MOVE = YES;
				CLANG_WARN_UNREACHABLE_CODE = YES;
				CLANG_WARN__DUPLICATE_METHOD_MATCH = YES;
				"CODE_SIGN_IDENTITY[sdk=iphoneos*]" = "iPhone Developer";
				COPY_PHASE_STRIP = NO;
				DEBUG_INFORMATION_FORMAT = "dwarf-with-dsym";
				ENABLE_NS_ASSERTIONS = NO;
				ENABLE_STRICT_OBJC_MSGSEND = YES;
				GCC_C_LANGUAGE_STANDARD = gnu99;
				GCC_NO_COMMON_BLOCKS = YES;
				GCC_WARN_64_TO_32_BIT_CONVERSION = YES;
				GCC_WARN_ABOUT_RETURN_TYPE = YES_ERROR;
				GCC_WARN_UNDECLARED_SELECTOR = YES;
				GCC_WARN_UNINITIALIZED_AUTOS = YES_AGGRESSIVE;
				GCC_WARN_UNUSED_FUNCTION = YES;
				GCC_WARN_UNUSED_VARIABLE = YES;
				IPHONEOS_DEPLOYMENT_TARGET = 10.3;
				MTL_ENABLE_DEBUG_INFO = NO;
				SDKROOT = iphoneos;
				VALIDATE_PRODUCT = YES;
			};
			name = Release;
		};
		11CC0E331F1DFA1B00A31A67 /* Debug */ = {
			isa = XCBuildConfiguration;
			buildSettings = {
				ASSETCATALOG_COMPILER_APPICON_NAME = AppIcon;
				DEVELOPMENT_TEAM = 6VBE2N88LJ;
				INFOPLIST_FILE = YBKeyValueDemo/Info.plist;
				LD_RUNPATH_SEARCH_PATHS = "$(inherited) @executable_path/Frameworks";
				PRODUCT_BUNDLE_IDENTIFIER = com.iezview.YBKeyValueDemo;
				PRODUCT_NAME = "$(TARGET_NAME)";
			};
			name = Debug;
		};
		11CC0E341F1DFA1B00A31A67 /* Release */ = {
			isa = XCBuildConfiguration;
			buildSettings = {
				ASSETCATALOG_COMPILER_APPICON_NAME = AppIcon;
				DEVELOPMENT_TEAM = 6VBE2N88LJ;
				INFOPLIST_FILE = YBKeyValueDemo/Info.plist;
				LD_RUNPATH_SEARCH_PATHS = "$(inherited) @executable_path/Frameworks";
				PRODUCT_BUNDLE_IDENTIFIER = com.iezview.YBKeyValueDemo;
				PRODUCT_NAME = "$(TARGET_NAME)";
			};
			name = Release;
		};
		11CC0E361F1DFA1B00A31A67 /* Debug */ = {
			isa = XCBuildConfiguration;
			buildSettings = {
				BUNDLE_LOADER = "$(TEST_HOST)";
				DEVELOPMENT_TEAM = 6VBE2N88LJ;
				INFOPLIST_FILE = YBKeyValueDemoTests/Info.plist;
				LD_RUNPATH_SEARCH_PATHS = "$(inherited) @executable_path/Frameworks @loader_path/Frameworks";
				PRODUCT_BUNDLE_IDENTIFIER = com.iezview.YBKeyValueDemoTests;
				PRODUCT_NAME = "$(TARGET_NAME)";
				TEST_HOST = "$(BUILT_PRODUCTS_DIR)/YBKeyValueDemo.app/YBKeyValueDemo";
			};
			name = Debug;
		};
		11CC0E371F1DFA1B00A31A67 /* Release */ = {
			isa = XCBuildConfiguration;
			buildSettings = {
				BUNDLE_LOADER = "$(TEST_HOST)";
				DEVELOPMENT_TEAM = 6VBE2N88LJ;
				INFOPLIST_FILE = YBKeyValueDemoTests/Info.plist;
				LD_RUNPATH_SEARCH_PATHS = "$(inherited) @executable_path/Frameworks @loader_path/Frameworks";
				PRODUCT_BUNDLE_IDENTIFIER = com.iezview.YBKeyValueDemoTests;
				PRODUCT_NAME = "$(TARGET_NAME)";
				TEST_HOST = "$(BUILT_PRODUCTS_DIR)/YBKeyValueDemo.app/YBKeyValueDemo";
			};
			name = Release;
		};
		11CC0E391F1DFA1B00A31A67 /* Debug */ = {
			isa = XCBuildConfiguration;
			buildSettings = {
				DEVELOPMENT_TEAM = 6VBE2N88LJ;
				INFOPLIST_FILE = YBKeyValueDemoUITests/Info.plist;
				LD_RUNPATH_SEARCH_PATHS = "$(inherited) @executable_path/Frameworks @loader_path/Frameworks";
				PRODUCT_BUNDLE_IDENTIFIER = com.iezview.YBKeyValueDemoUITests;
				PRODUCT_NAME = "$(TARGET_NAME)";
				TEST_TARGET_NAME = YBKeyValueDemo;
			};
			name = Debug;
		};
		11CC0E3A1F1DFA1B00A31A67 /* Release */ = {
			isa = XCBuildConfiguration;
			buildSettings = {
				DEVELOPMENT_TEAM = 6VBE2N88LJ;
				INFOPLIST_FILE = YBKeyValueDemoUITests/Info.plist;
				LD_RUNPATH_SEARCH_PATHS = "$(inherited) @executable_path/Frameworks @loader_path/Frameworks";
				PRODUCT_BUNDLE_IDENTIFIER = com.iezview.YBKeyValueDemoUITests;
				PRODUCT_NAME = "$(TARGET_NAME)";
				TEST_TARGET_NAME = YBKeyValueDemo;
			};
			name = Release;
		};
/* End XCBuildConfiguration section */

/* Begin XCConfigurationList section */
		11CC0E001F1DFA1B00A31A67 /* Build configuration list for PBXProject "YBKeyValueDemo" */ = {
			isa = XCConfigurationList;
			buildConfigurations = (
				11CC0E301F1DFA1B00A31A67 /* Debug */,
				11CC0E311F1DFA1B00A31A67 /* Release */,
			);
			defaultConfigurationIsVisible = 0;
			defaultConfigurationName = Release;
		};
		11CC0E321F1DFA1B00A31A67 /* Build configuration list for PBXNativeTarget "YBKeyValueDemo" */ = {
			isa = XCConfigurationList;
			buildConfigurations = (
				11CC0E331F1DFA1B00A31A67 /* Debug */,
				11CC0E341F1DFA1B00A31A67 /* Release */,
			);
			defaultConfigurationIsVisible = 0;
		};
		11CC0E351F1DFA1B00A31A67 /* Build configuration list for PBXNativeTarget "YBKeyValueDemoTests" */ = {
			isa = XCConfigurationList;
			buildConfigurations = (
				11CC0E361F1DFA1B00A31A67 /* Debug */,
				11CC0E371F1DFA1B00A31A67 /* Release */,
			);
			defaultConfigurationIsVisible = 0;
		};
		11CC0E381F1DFA1B00A31A67 /* Build configuration list for PBXNativeTarget "YBKeyValueDemoUITests" */ = {
			isa = XCConfigurationList;
			buildConfigurations = (
				11CC0E391F1DFA1B00A31A67 /* Debug */,
				11CC0E3A1F1DFA1B00A31A67 /* Release */,
			);
			defaultConfigurationIsVisible = 0;
		};
/* End XCConfigurationList section */
	};
	rootObject = 11CC0DFD1F1DFA1B00A31A67 /* Project object */;
}
